// !$*UTF8*$!
{
	archiveVersion = 1;
	classes = {
	};
	objectVersion = 50;
	objects = {

/* Begin PBXBuildFile section */
		DF499D0522E542DD009D2F44 /* AppDelegate.m in Sources */ = {isa = PBXBuildFile; fileRef = DF499D0422E542DD009D2F44 /* AppDelegate.m */; };
		DF499D0822E542DD009D2F44 /* ViewController.m in Sources */ = {isa = PBXBuildFile; fileRef = DF499D0722E542DD009D2F44 /* ViewController.m */; };
		DF499D0A22E542DF009D2F44 /* Assets.xcassets in Resources */ = {isa = PBXBuildFile; fileRef = DF499D0922E542DF009D2F44 /* Assets.xcassets */; };
		DF499D0D22E542DF009D2F44 /* Main.storyboard in Resources */ = {isa = PBXBuildFile; fileRef = DF499D0B22E542DF009D2F44 /* Main.storyboard */; };
		DF499D1022E542DF009D2F44 /* main.m in Sources */ = {isa = PBXBuildFile; fileRef = DF499D0F22E542DF009D2F44 /* main.m */; };
		DF499D1B22E542DF009D2F44 /* YPMacSegmentViewTests.m in Sources */ = {isa = PBXBuildFile; fileRef = DF499D1A22E542DF009D2F44 /* YPMacSegmentViewTests.m */; };
		DF499D2622E542DF009D2F44 /* YPMacSegmentViewUITests.m in Sources */ = {isa = PBXBuildFile; fileRef = DF499D2522E542DF009D2F44 /* YPMacSegmentViewUITests.m */; };
		DF499D4122E5AFE1009D2F44 /* NSView+YPExtension.m in Sources */ = {isa = PBXBuildFile; fileRef = DF499D3D22E5AFE1009D2F44 /* NSView+YPExtension.m */; };
		DF499D4222E5AFE1009D2F44 /* YPMacSegmentView.m in Sources */ = {isa = PBXBuildFile; fileRef = DF499D3E22E5AFE1009D2F44 /* YPMacSegmentView.m */; };
/* End PBXBuildFile section */

/* Begin PBXContainerItemProxy section */
		DF499D1722E542DF009D2F44 /* PBXContainerItemProxy */ = {
			isa = PBXContainerItemProxy;
			containerPortal = DF499CF822E542DD009D2F44 /* Project object */;
			proxyType = 1;
			remoteGlobalIDString = DF499CFF22E542DD009D2F44;
			remoteInfo = YPMacSegmentView;
		};
		DF499D2222E542DF009D2F44 /* PBXContainerItemProxy */ = {
			isa = PBXContainerItemProxy;
			containerPortal = DF499CF822E542DD009D2F44 /* Project object */;
			proxyType = 1;
			remoteGlobalIDString = DF499CFF22E542DD009D2F44;
			remoteInfo = YPMacSegmentView;
		};
/* End PBXContainerItemProxy section */

/* Begin PBXFileReference section */
		DF499D0022E542DD009D2F44 /* YPMacSegmentView.app */ = {isa = PBXFileReference; explicitFileType = wrapper.application; includeInIndex = 0; path = YPMacSegmentView.app; sourceTree = BUILT_PRODUCTS_DIR; };
		DF499D0322E542DD009D2F44 /* AppDelegate.h */ = {isa = PBXFileReference; lastKnownFileType = sourcecode.c.h; path = AppDelegate.h; sourceTree = "<group>"; };
		DF499D0422E542DD009D2F44 /* AppDelegate.m */ = {isa = PBXFileReference; lastKnownFileType = sourcecode.c.objc; path = AppDelegate.m; sourceTree = "<group>"; };
		DF499D0622E542DD009D2F44 /* ViewController.h */ = {isa = PBXFileReference; lastKnownFileType = sourcecode.c.h; path = ViewController.h; sourceTree = "<group>"; };
		DF499D0722E542DD009D2F44 /* ViewController.m */ = {isa = PBXFileReference; lastKnownFileType = sourcecode.c.objc; path = ViewController.m; sourceTree = "<group>"; };
		DF499D0922E542DF009D2F44 /* Assets.xcassets */ = {isa = PBXFileReference; lastKnownFileType = folder.assetcatalog; path = Assets.xcassets; sourceTree = "<group>"; };
		DF499D0C22E542DF009D2F44 /* Base */ = {isa = PBXFileReference; lastKnownFileType = file.storyboard; name = Base; path = Base.lproj/Main.storyboard; sourceTree = "<group>"; };
		DF499D0E22E542DF009D2F44 /* Info.plist */ = {isa = PBXFileReference; lastKnownFileType = text.plist.xml; path = Info.plist; sourceTree = "<group>"; };
		DF499D0F22E542DF009D2F44 /* main.m */ = {isa = PBXFileReference; lastKnownFileType = sourcecode.c.objc; path = main.m; sourceTree = "<group>"; };
		DF499D1122E542DF009D2F44 /* YPMacSegmentView.entitlements */ = {isa = PBXFileReference; lastKnownFileType = text.plist.entitlements; path = YPMacSegmentView.entitlements; sourceTree = "<group>"; };
		DF499D1622E542DF009D2F44 /* YPMacSegmentViewTests.xctest */ = {isa = PBXFileReference; explicitFileType = wrapper.cfbundle; includeInIndex = 0; path = YPMacSegmentViewTests.xctest; sourceTree = BUILT_PRODUCTS_DIR; };
		DF499D1A22E542DF009D2F44 /* YPMacSegmentViewTests.m */ = {isa = PBXFileReference; lastKnownFileType = sourcecode.c.objc; path = YPMacSegmentViewTests.m; sourceTree = "<group>"; };
		DF499D1C22E542DF009D2F44 /* Info.plist */ = {isa = PBXFileReference; lastKnownFileType = text.plist.xml; path = Info.plist; sourceTree = "<group>"; };
		DF499D2122E542DF009D2F44 /* YPMacSegmentViewUITests.xctest */ = {isa = PBXFileReference; explicitFileType = wrapper.cfbundle; includeInIndex = 0; path = YPMacSegmentViewUITests.xctest; sourceTree = BUILT_PRODUCTS_DIR; };
		DF499D2522E542DF009D2F44 /* YPMacSegmentViewUITests.m */ = {isa = PBXFileReference; lastKnownFileType = sourcecode.c.objc; path = YPMacSegmentViewUITests.m; sourceTree = "<group>"; };
		DF499D2722E542DF009D2F44 /* Info.plist */ = {isa = PBXFileReference; lastKnownFileType = text.plist.xml; path = Info.plist; sourceTree = "<group>"; };
		DF499D3D22E5AFE1009D2F44 /* NSView+YPExtension.m */ = {isa = PBXFileReference; fileEncoding = 4; lastKnownFileType = sourcecode.c.objc; path = "NSView+YPExtension.m"; sourceTree = "<group>"; };
		DF499D3E22E5AFE1009D2F44 /* YPMacSegmentView.m */ = {isa = PBXFileReference; fileEncoding = 4; lastKnownFileType = sourcecode.c.objc; path = YPMacSegmentView.m; sourceTree = "<group>"; };
		DF499D3F22E5AFE1009D2F44 /* NSView+YPExtension.h */ = {isa = PBXFileReference; fileEncoding = 4; lastKnownFileType = sourcecode.c.h; path = "NSView+YPExtension.h"; sourceTree = "<group>"; };
		DF499D4022E5AFE1009D2F44 /* YPMacSegmentView.h */ = {isa = PBXFileReference; fileEncoding = 4; lastKnownFileType = sourcecode.c.h; path = YPMacSegmentView.h; sourceTree = "<group>"; };
/* End PBXFileReference section */

/* Begin PBXFrameworksBuildPhase section */
		DF499CFD22E542DD009D2F44 /* Frameworks */ = {
			isa = PBXFrameworksBuildPhase;
			buildActionMask = 2147483647;
			files = (
			);
			runOnlyForDeploymentPostprocessing = 0;
		};
		DF499D1322E542DF009D2F44 /* Frameworks */ = {
			isa = PBXFrameworksBuildPhase;
			buildActionMask = 2147483647;
			files = (
			);
			runOnlyForDeploymentPostprocessing = 0;
		};
		DF499D1E22E542DF009D2F44 /* Frameworks */ = {
			isa = PBXFrameworksBuildPhase;
			buildActionMask = 2147483647;
			files = (
			);
			runOnlyForDeploymentPostprocessing = 0;
		};
/* End PBXFrameworksBuildPhase section */

/* Begin PBXGroup section */
		DF499CF722E542DD009D2F44 = {
			isa = PBXGroup;
			children = (
				DF499D0222E542DD009D2F44 /* YPMacSegmentView */,
				DF499D1922E542DF009D2F44 /* YPMacSegmentViewTests */,
				DF499D2422E542DF009D2F44 /* YPMacSegmentViewUITests */,
				DF499D0122E542DD009D2F44 /* Products */,
			);
			sourceTree = "<group>";
		};
		DF499D0122E542DD009D2F44 /* Products */ = {
			isa = PBXGroup;
			children = (
				DF499D0022E542DD009D2F44 /* YPMacSegmentView.app */,
				DF499D1622E542DF009D2F44 /* YPMacSegmentViewTests.xctest */,
				DF499D2122E542DF009D2F44 /* YPMacSegmentViewUITests.xctest */,
			);
			name = Products;
			sourceTree = "<group>";
		};
		DF499D0222E542DD009D2F44 /* YPMacSegmentView */ = {
			isa = PBXGroup;
			children = (
				DF499D3C22E5AFE1009D2F44 /* MacSegment */,
				DF499D0322E542DD009D2F44 /* AppDelegate.h */,
				DF499D0422E542DD009D2F44 /* AppDelegate.m */,
				DF499D0622E542DD009D2F44 /* ViewController.h */,
				DF499D0722E542DD009D2F44 /* ViewController.m */,
				DF499D0922E542DF009D2F44 /* Assets.xcassets */,
				DF499D0B22E542DF009D2F44 /* Main.storyboard */,
				DF499D0E22E542DF009D2F44 /* Info.plist */,
				DF499D0F22E542DF009D2F44 /* main.m */,
				DF499D1122E542DF009D2F44 /* YPMacSegmentView.entitlements */,
			);
			path = YPMacSegmentView;
			sourceTree = "<group>";
		};
		DF499D1922E542DF009D2F44 /* YPMacSegmentViewTests */ = {
			isa = PBXGroup;
			children = (
				DF499D1A22E542DF009D2F44 /* YPMacSegmentViewTests.m */,
				DF499D1C22E542DF009D2F44 /* Info.plist */,
			);
			path = YPMacSegmentViewTests;
			sourceTree = "<group>";
		};
		DF499D2422E542DF009D2F44 /* YPMacSegmentViewUITests */ = {
			isa = PBXGroup;
			children = (
				DF499D2522E542DF009D2F44 /* YPMacSegmentViewUITests.m */,
				DF499D2722E542DF009D2F44 /* Info.plist */,
			);
			path = YPMacSegmentViewUITests;
			sourceTree = "<group>";
		};
		DF499D3C22E5AFE1009D2F44 /* MacSegment */ = {
			isa = PBXGroup;
			children = (
				DF499D3D22E5AFE1009D2F44 /* NSView+YPExtension.m */,
				DF499D3E22E5AFE1009D2F44 /* YPMacSegmentView.m */,
				DF499D3F22E5AFE1009D2F44 /* NSView+YPExtension.h */,
				DF499D4022E5AFE1009D2F44 /* YPMacSegmentView.h */,
			);
			path = MacSegment;
			sourceTree = "<group>";
		};
/* End PBXGroup section */

/* Begin PBXNativeTarget section */
		DF499CFF22E542DD009D2F44 /* YPMacSegmentView */ = {
			isa = PBXNativeTarget;
			buildConfigurationList = DF499D2A22E542DF009D2F44 /* Build configuration list for PBXNativeTarget "YPMacSegmentView" */;
			buildPhases = (
				DF499CFC22E542DD009D2F44 /* Sources */,
				DF499CFD22E542DD009D2F44 /* Frameworks */,
				DF499CFE22E542DD009D2F44 /* Resources */,
			);
			buildRules = (
			);
			dependencies = (
			);
			name = YPMacSegmentView;
			productName = YPMacSegmentView;
			productReference = DF499D0022E542DD009D2F44 /* YPMacSegmentView.app */;
			productType = "com.apple.product-type.application";
		};
		DF499D1522E542DF009D2F44 /* YPMacSegmentViewTests */ = {
			isa = PBXNativeTarget;
			buildConfigurationList = DF499D2D22E542DF009D2F44 /* Build configuration list for PBXNativeTarget "YPMacSegmentViewTests" */;
			buildPhases = (
				DF499D1222E542DF009D2F44 /* Sources */,
				DF499D1322E542DF009D2F44 /* Frameworks */,
				DF499D1422E542DF009D2F44 /* Resources */,
			);
			buildRules = (
			);
			dependencies = (
				DF499D1822E542DF009D2F44 /* PBXTargetDependency */,
			);
			name = YPMacSegmentViewTests;
			productName = YPMacSegmentViewTests;
			productReference = DF499D1622E542DF009D2F44 /* YPMacSegmentViewTests.xctest */;
			productType = "com.apple.product-type.bundle.unit-test";
		};
		DF499D2022E542DF009D2F44 /* YPMacSegmentViewUITests */ = {
			isa = PBXNativeTarget;
			buildConfigurationList = DF499D3022E542DF009D2F44 /* Build configuration list for PBXNativeTarget "YPMacSegmentViewUITests" */;
			buildPhases = (
				DF499D1D22E542DF009D2F44 /* Sources */,
				DF499D1E22E542DF009D2F44 /* Frameworks */,
				DF499D1F22E542DF009D2F44 /* Resources */,
			);
			buildRules = (
			);
			dependencies = (
				DF499D2322E542DF009D2F44 /* PBXTargetDependency */,
			);
			name = YPMacSegmentViewUITests;
			productName = YPMacSegmentViewUITests;
			productReference = DF499D2122E542DF009D2F44 /* YPMacSegmentViewUITests.xctest */;
			productType = "com.apple.product-type.bundle.ui-testing";
		};
/* End PBXNativeTarget section */

/* Begin PBXProject section */
		DF499CF822E542DD009D2F44 /* Project object */ = {
			isa = PBXProject;
			attributes = {
				LastUpgradeCheck = 1100;
				ORGANIZATIONNAME = YanpengLee;
				TargetAttributes = {
					DF499CFF22E542DD009D2F44 = {
						CreatedOnToolsVersion = 11.0;
					};
					DF499D1522E542DF009D2F44 = {
						CreatedOnToolsVersion = 11.0;
						TestTargetID = DF499CFF22E542DD009D2F44;
					};
					DF499D2022E542DF009D2F44 = {
						CreatedOnToolsVersion = 11.0;
						TestTargetID = DF499CFF22E542DD009D2F44;
					};
				};
			};
			buildConfigurationList = DF499CFB22E542DD009D2F44 /* Build configuration list for PBXProject "YPMacSegmentView" */;
			compatibilityVersion = "Xcode 9.3";
			developmentRegion = en;
			hasScannedForEncodings = 0;
			knownRegions = (
				en,
				Base,
			);
			mainGroup = DF499CF722E542DD009D2F44;
			productRefGroup = DF499D0122E542DD009D2F44 /* Products */;
			projectDirPath = "";
			projectRoot = "";
			targets = (
				DF499CFF22E542DD009D2F44 /* YPMacSegmentView */,
				DF499D1522E542DF009D2F44 /* YPMacSegmentViewTests */,
				DF499D2022E542DF009D2F44 /* YPMacSegmentViewUITests */,
			);
		};
/* End PBXProject section */

/* Begin PBXResourcesBuildPhase section */
		DF499CFE22E542DD009D2F44 /* Resources */ = {
			isa = PBXResourcesBuildPhase;
			buildActionMask = 2147483647;
			files = (
				DF499D0A22E542DF009D2F44 /* Assets.xcassets in Resources */,
				DF499D0D22E542DF009D2F44 /* Main.storyboard in Resources */,
			);
			runOnlyForDeploymentPostprocessing = 0;
		};
		DF499D1422E542DF009D2F44 /* Resources */ = {
			isa = PBXResourcesBuildPhase;
			buildActionMask = 2147483647;
			files = (
			);
			runOnlyForDeploymentPostprocessing = 0;
		};
		DF499D1F22E542DF009D2F44 /* Resources */ = {
			isa = PBXResourcesBuildPhase;
			buildActionMask = 2147483647;
			files = (
			);
			runOnlyForDeploymentPostprocessing = 0;
		};
/* End PBXResourcesBuildPhase section */

/* Begin PBXSourcesBuildPhase section */
		DF499CFC22E542DD009D2F44 /* Sources */ = {
			isa = PBXSourcesBuildPhase;
			buildActionMask = 2147483647;
			files = (
				DF499D4122E5AFE1009D2F44 /* NSView+YPExtension.m in Sources */,
				DF499D0822E542DD009D2F44 /* ViewController.m in Sources */,
				DF499D1022E542DF009D2F44 /* main.m in Sources */,
				DF499D0522E542DD009D2F44 /* AppDelegate.m in Sources */,
				DF499D4222E5AFE1009D2F44 /* YPMacSegmentView.m in Sources */,
			);
			runOnlyForDeploymentPostprocessing = 0;
		};
		DF499D1222E542DF009D2F44 /* Sources */ = {
			isa = PBXSourcesBuildPhase;
			buildActionMask = 2147483647;
			files = (
				DF499D1B22E542DF009D2F44 /* YPMacSegmentViewTests.m in Sources */,
			);
			runOnlyForDeploymentPostprocessing = 0;
		};
		DF499D1D22E542DF009D2F44 /* Sources */ = {
			isa = PBXSourcesBuildPhase;
			buildActionMask = 2147483647;
			files = (
				DF499D2622E542DF009D2F44 /* YPMacSegmentViewUITests.m in Sources */,
			);
			runOnlyForDeploymentPostprocessing = 0;
		};
/* End PBXSourcesBuildPhase section */

/* Begin PBXTargetDependency section */
		DF499D1822E542DF009D2F44 /* PBXTargetDependency */ = {
			isa = PBXTargetDependency;
			target = DF499CFF22E542DD009D2F44 /* YPMacSegmentView */;
			targetProxy = DF499D1722E542DF009D2F44 /* PBXContainerItemProxy */;
		};
		DF499D2322E542DF009D2F44 /* PBXTargetDependency */ = {
			isa = PBXTargetDependency;
			target = DF499CFF22E542DD009D2F44 /* YPMacSegmentView */;
			targetProxy = DF499D2222E542DF009D2F44 /* PBXContainerItemProxy */;
		};
/* End PBXTargetDependency section */

/* Begin PBXVariantGroup section */
		DF499D0B22E542DF009D2F44 /* Main.storyboard */ = {
			isa = PBXVariantGroup;
			children = (
				DF499D0C22E542DF009D2F44 /* Base */,
			);
			name = Main.storyboard;
			sourceTree = "<group>";
		};
/* End PBXVariantGroup section */

/* Begin XCBuildConfiguration section */
		DF499D2822E542DF009D2F44 /* Debug */ = {
			isa = XCBuildConfiguration;
			buildSettings = {
				ALWAYS_SEARCH_USER_PATHS = NO;
				CLANG_ANALYZER_NONNULL = YES;
				CLANG_ANALYZER_NUMBER_OBJECT_CONVERSION = YES_AGGRESSIVE;
				CLANG_CXX_LANGUAGE_STANDARD = "gnu++14";
				CLANG_CXX_LIBRARY = "libc++";
				CLANG_ENABLE_MODULES = YES;
				CLANG_ENABLE_OBJC_ARC = YES;
				CLANG_ENABLE_OBJC_WEAK = YES;
				CLANG_WARN_BLOCK_CAPTURE_AUTORELEASING = YES;
				CLANG_WARN_BOOL_CONVERSION = YES;
				CLANG_WARN_COMMA = YES;
				CLANG_WARN_CONSTANT_CONVERSION = YES;
				CLANG_WARN_DEPRECATED_OBJC_IMPLEMENTATIONS = YES;
				CLANG_WARN_DIRECT_OBJC_ISA_USAGE = YES_ERROR;
				CLANG_WARN_DOCUMENTATION_COMMENTS = YES;
				CLANG_WARN_EMPTY_BODY = YES;
				CLANG_WARN_ENUM_CONVERSION = YES;
				CLANG_WARN_INFINITE_RECURSION = YES;
				CLANG_WARN_INT_CONVERSION = YES;
				CLANG_WARN_NON_LITERAL_NULL_CONVERSION = YES;
				CLANG_WARN_OBJC_IMPLICIT_RETAIN_SELF = YES;
				CLANG_WARN_OBJC_LITERAL_CONVERSION = YES;
				CLANG_WARN_OBJC_ROOT_CLASS = YES_ERROR;
				CLANG_WARN_RANGE_LOOP_ANALYSIS = YES;
				CLANG_WARN_STRICT_PROTOTYPES = YES;
				CLANG_WARN_SUSPICIOUS_MOVE = YES;
				CLANG_WARN_UNGUARDED_AVAILABILITY = YES_AGGRESSIVE;
				CLANG_WARN_UNREACHABLE_CODE = YES;
				CLANG_WARN__DUPLICATE_METHOD_MATCH = YES;
				COPY_PHASE_STRIP = NO;
				DEBUG_INFORMATION_FORMAT = dwarf;
				ENABLE_STRICT_OBJC_MSGSEND = YES;
				ENABLE_TESTABILITY = YES;
				GCC_C_LANGUAGE_STANDARD = gnu11;
				GCC_DYNAMIC_NO_PIC = NO;
				GCC_NO_COMMON_BLOCKS = YES;
				GCC_OPTIMIZATION_LEVEL = 0;
				GCC_PREPROCESSOR_DEFINITIONS = (
					"DEBUG=1",
					"$(inherited)",
				);
				GCC_WARN_64_TO_32_BIT_CONVERSION = YES;
				GCC_WARN_ABOUT_RETURN_TYPE = YES_ERROR;
				GCC_WARN_UNDECLARED_SELECTOR = YES;
				GCC_WARN_UNINITIALIZED_AUTOS = YES_AGGRESSIVE;
				GCC_WARN_UNUSED_FUNCTION = YES;
				GCC_WARN_UNUSED_VARIABLE = YES;
				MACOSX_DEPLOYMENT_TARGET = 10.14;
				MTL_ENABLE_DEBUG_INFO = INCLUDE_SOURCE;
				MTL_FAST_MATH = YES;
				ONLY_ACTIVE_ARCH = YES;
				SDKROOT = macosx;
			};
			name = Debug;
		};
		DF499D2922E542DF009D2F44 /* Release */ = {
			isa = XCBuildConfiguration;
			buildSettings = {
				ALWAYS_SEARCH_USER_PATHS = NO;
				CLANG_ANALYZER_NONNULL = YES;
				CLANG_ANALYZER_NUMBER_OBJECT_CONVERSION = YES_AGGRESSIVE;
				CLANG_CXX_LANGUAGE_STANDARD = "gnu++14";
				CLANG_CXX_LIBRARY = "libc++";
				CLANG_ENABLE_MODULES = YES;
				CLANG_ENABLE_OBJC_ARC = YES;
				CLANG_ENABLE_OBJC_WEAK = YES;
				CLANG_WARN_BLOCK_CAPTURE_AUTORELEASING = YES;
				CLANG_WARN_BOOL_CONVERSION = YES;
				CLANG_WARN_COMMA = YES;
				CLANG_WARN_CONSTANT_CONVERSION = YES;
				CLANG_WARN_DEPRECATED_OBJC_IMPLEMENTATIONS = YES;
				CLANG_WARN_DIRECT_OBJC_ISA_USAGE = YES_ERROR;
				CLANG_WARN_DOCUMENTATION_COMMENTS = YES;
				CLANG_WARN_EMPTY_BODY = YES;
				CLANG_WARN_ENUM_CONVERSION = YES;
				CLANG_WARN_INFINITE_RECURSION = YES;
				CLANG_WARN_INT_CONVERSION = YES;
				CLANG_WARN_NON_LITERAL_NULL_CONVERSION = YES;
				CLANG_WARN_OBJC_IMPLICIT_RETAIN_SELF = YES;
				CLANG_WARN_OBJC_LITERAL_CONVERSION = YES;
				CLANG_WARN_OBJC_ROOT_CLASS = YES_ERROR;
				CLANG_WARN_RANGE_LOOP_ANALYSIS = YES;
				CLANG_WARN_STRICT_PROTOTYPES = YES;
				CLANG_WARN_SUSPICIOUS_MOVE = YES;
				CLANG_WARN_UNGUARDED_AVAILABILITY = YES_AGGRESSIVE;
				CLANG_WARN_UNREACHABLE_CODE = YES;
				CLANG_WARN__DUPLICATE_METHOD_MATCH = YES;
				COPY_PHASE_STRIP = NO;
				DEBUG_INFORMATION_FORMAT = "dwarf-with-dsym";
				ENABLE_NS_ASSERTIONS = NO;
				ENABLE_STRICT_OBJC_MSGSEND = YES;
				GCC_C_LANGUAGE_STANDARD = gnu11;
				GCC_NO_COMMON_BLOCKS = YES;
				GCC_WARN_64_TO_32_BIT_CONVERSION = YES;
				GCC_WARN_ABOUT_RETURN_TYPE = YES_ERROR;
				GCC_WARN_UNDECLARED_SELECTOR = YES;
				GCC_WARN_UNINITIALIZED_AUTOS = YES_AGGRESSIVE;
				GCC_WARN_UNUSED_FUNCTION = YES;
				GCC_WARN_UNUSED_VARIABLE = YES;
				MACOSX_DEPLOYMENT_TARGET = 10.14;
				MTL_ENABLE_DEBUG_INFO = NO;
				MTL_FAST_MATH = YES;
				SDKROOT = macosx;
			};
			name = Release;
		};
		DF499D2B22E542DF009D2F44 /* Debug */ = {
			isa = XCBuildConfiguration;
			buildSettings = {
				ASSETCATALOG_COMPILER_APPICON_NAME = AppIcon;
				CODE_SIGN_ENTITLEMENTS = YPMacSegmentView/YPMacSegmentView.entitlements;
				CODE_SIGN_STYLE = Automatic;
				COMBINE_HIDPI_IMAGES = YES;
				INFOPLIST_FILE = YPMacSegmentView/Info.plist;
				LD_RUNPATH_SEARCH_PATHS = (
					"$(inherited)",
					"@executable_path/../Frameworks",
				);
				PRODUCT_BUNDLE_IDENTIFIER = com.YanpengLee.YPMacSegmentView;
				PRODUCT_NAME = "$(TARGET_NAME)";
			};
			name = Debug;
		};
		DF499D2C22E542DF009D2F44 /* Release */ = {
			isa = XCBuildConfiguration;
			buildSettings = {
				ASSETCATALOG_COMPILER_APPICON_NAME = AppIcon;
				CODE_SIGN_ENTITLEMENTS = YPMacSegmentView/YPMacSegmentView.entitlements;
				CODE_SIGN_STYLE = Automatic;
				COMBINE_HIDPI_IMAGES = YES;
				INFOPLIST_FILE = YPMacSegmentView/Info.plist;
				LD_RUNPATH_SEARCH_PATHS = (
					"$(inherited)",
					"@executable_path/../Frameworks",
				);
				PRODUCT_BUNDLE_IDENTIFIER = com.YanpengLee.YPMacSegmentView;
				PRODUCT_NAME = "$(TARGET_NAME)";
			};
			name = Release;
		};
		DF499D2E22E542DF009D2F44 /* Debug */ = {
			isa = XCBuildConfiguration;
			buildSettings = {
				BUNDLE_LOADER = "$(TEST_HOST)";
				CODE_SIGN_STYLE = Automatic;
				COMBINE_HIDPI_IMAGES = YES;
				INFOPLIST_FILE = YPMacSegmentViewTests/Info.plist;
				LD_RUNPATH_SEARCH_PATHS = (
					"$(inherited)",
					"@executable_path/../Frameworks",
					"@loader_path/../Frameworks",
				);
				PRODUCT_BUNDLE_IDENTIFIER = com.YanpengLee.YPMacSegmentViewTests;
				PRODUCT_NAME = "$(TARGET_NAME)";
				TEST_HOST = "$(BUILT_PRODUCTS_DIR)/YPMacSegmentView.app/Contents/MacOS/YPMacSegmentView";
			};
			name = Debug;
		};
		DF499D2F22E542DF009D2F44 /* Release */ = {
			isa = XCBuildConfiguration;
			buildSettings = {
				BUNDLE_LOADER = "$(TEST_HOST)";
				CODE_SIGN_STYLE = Automatic;
				COMBINE_HIDPI_IMAGES = YES;
				INFOPLIST_FILE = YPMacSegmentViewTests/Info.plist;
				LD_RUNPATH_SEARCH_PATHS = (
					"$(inherited)",
					"@executable_path/../Frameworks",
					"@loader_path/../Frameworks",
				);
				PRODUCT_BUNDLE_IDENTIFIER = com.YanpengLee.YPMacSegmentViewTests;
				PRODUCT_NAME = "$(TARGET_NAME)";
				TEST_HOST = "$(BUILT_PRODUCTS_DIR)/YPMacSegmentView.app/Contents/MacOS/YPMacSegmentView";
			};
			name = Release;
		};
		DF499D3122E542DF009D2F44 /* Debug */ = {
			isa = XCBuildConfiguration;
			buildSettings = {
				CODE_SIGN_STYLE = Automatic;
				COMBINE_HIDPI_IMAGES = YES;
				INFOPLIST_FILE = YPMacSegmentViewUITests/Info.plist;
				LD_RUNPATH_SEARCH_PATHS = (
					"$(inherited)",
					"@executable_path/../Frameworks",
					"@loader_path/../Frameworks",
				);
				PRODUCT_BUNDLE_IDENTIFIER = com.YanpengLee.YPMacSegmentViewUITests;
				PRODUCT_NAME = "$(TARGET_NAME)";
				TEST_TARGET_NAME = YPMacSegmentView;
			};
			name = Debug;
		};
		DF499D3222E542DF009D2F44 /* Release */ = {
			isa = XCBuildConfiguration;
			buildSettings = {
				CODE_SIGN_STYLE = Automatic;
				COMBINE_HIDPI_IMAGES = YES;
				INFOPLIST_FILE = YPMacSegmentViewUITests/Info.plist;
				LD_RUNPATH_SEARCH_PATHS = (
					"$(inherited)",
					"@executable_path/../Frameworks",
					"@loader_path/../Frameworks",
				);
				PRODUCT_BUNDLE_IDENTIFIER = com.YanpengLee.YPMacSegmentViewUITests;
				PRODUCT_NAME = "$(TARGET_NAME)";
				TEST_TARGET_NAME = YPMacSegmentView;
			};
			name = Release;
		};
/* End XCBuildConfiguration section */

/* Begin XCConfigurationList section */
		DF499CFB22E542DD009D2F44 /* Build configuration list for PBXProject "YPMacSegmentView" */ = {
			isa = XCConfigurationList;
			buildConfigurations = (
				DF499D2822E542DF009D2F44 /* Debug */,
				DF499D2922E542DF009D2F44 /* Release */,
			);
			defaultConfigurationIsVisible = 0;
			defaultConfigurationName = Release;
		};
		DF499D2A22E542DF009D2F44 /* Build configuration list for PBXNativeTarget "YPMacSegmentView" */ = {
			isa = XCConfigurationList;
			buildConfigurations = (
				DF499D2B22E542DF009D2F44 /* Debug */,
				DF499D2C22E542DF009D2F44 /* Release */,
			);
			defaultConfigurationIsVisible = 0;
			defaultConfigurationName = Release;
		};
		DF499D2D22E542DF009D2F44 /* Build configuration list for PBXNativeTarget "YPMacSegmentViewTests" */ = {
			isa = XCConfigurationList;
			buildConfigurations = (
				DF499D2E22E542DF009D2F44 /* Debug */,
				DF499D2F22E542DF009D2F44 /* Release */,
			);
			defaultConfigurationIsVisible = 0;
			defaultConfigurationName = Release;
		};
		DF499D3022E542DF009D2F44 /* Build configuration list for PBXNativeTarget "YPMacSegmentViewUITests" */ = {
			isa = XCConfigurationList;
			buildConfigurations = (
				DF499D3122E542DF009D2F44 /* Debug */,
				DF499D3222E542DF009D2F44 /* Release */,
			);
			defaultConfigurationIsVisible = 0;
			defaultConfigurationName = Release;
		};
/* End XCConfigurationList section */
	};
	rootObject = DF499CF822E542DD009D2F44 /* Project object */;
}
